
Microsoft Visual Studio Solution File, Format Version 12.00
# Visual Studio Version 16
VisualStudioVersion = 16.0.32413.511
MinimumVisualStudioVersion = 10.0.40219.1
Project("{FAE04EC0-301F-11D3-BF4B-00C04F79EFBC}") = "BudgetControl", "BudgetControl\BudgetControl.csproj", "{AFC28577-FBF6-439F-B48A-B235B33543B5}"
EndProject
Global
	GlobalSection(SolutionConfigurationPlatforms) = preSolution
		Debug|Any CPU = Debug|Any CPU
		Release|Any CPU = Release|Any CPU
	EndGlobalSection
	GlobalSection(ProjectConfigurationPlatforms) = postSolution
		{AFC28577-FBF6-439F-B48A-B235B33543B5}.Debug|Any CPU.ActiveCfg = Debug|Any CPU
		{AFC28577-FBF6-439F-B48A-B235B33543B5}.Debug|Any CPU.Build.0 = Debug|Any CPU
		{AFC28577-FBF6-439F-B48A-B235B33543B5}.Release|Any CPU.ActiveCfg = Release|Any CPU
		{AFC28577-FBF6-439F-B48A-B235B33543B5}.Release|Any CPU.Build.0 = Release|Any CPU
	EndGlobalSection
	GlobalSection(SolutionProperties) = preSolution
		HideSolutionNode = FALSE
	EndGlobalSection
	GlobalSection(ExtensibilityGlobals) = postSolution
		SolutionGuid = {B6D7AB55-8154-4EB5-B86D-8D225CE81A85}
	EndGlobalSection
EndGlobal
