
Microsoft Visual Studio Solution File, Format Version 12.00
# Visual Studio 2013
VisualStudioVersion = 12.0.31101.0
MinimumVisualStudioVersion = 10.0.40219.1
Project("{FAE04EC0-301F-11D3-BF4B-00C04F79EFBC}") = "BudgetControl", "BudgetControl\BudgetControl.csproj", "{AFC28577-FBF6-439F-B48A-B235B33543B5}"
EndProject
Project("{FAE04EC0-301F-11D3-BF4B-00C04F79EFBC}") = "BudgetControl.Tests", "BudgetControl.Tests\BudgetControl.Tests.csproj", "{64DB7103-8942-4BCF-A8A1-94C6DC26034A}"
EndProject
Global
	GlobalSection(SolutionConfigurationPlatforms) = preSolution
		Debug|Any CPU = Debug|Any CPU
		Release|Any CPU = Release|Any CPU
	EndGlobalSection
	GlobalSection(ProjectConfigurationPlatforms) = postSolution
		{AFC28577-FBF6-439F-B48A-B235B33543B5}.Debug|Any CPU.ActiveCfg = Debug|Any CPU
		{AFC28577-FBF6-439F-B48A-B235B33543B5}.Debug|Any CPU.Build.0 = Debug|Any CPU
		{AFC28577-FBF6-439F-B48A-B235B33543B5}.Release|Any CPU.ActiveCfg = Release|Any CPU
		{AFC28577-FBF6-439F-B48A-B235B33543B5}.Release|Any CPU.Build.0 = Release|Any CPU
		{64DB7103-8942-4BCF-A8A1-94C6DC26034A}.Debug|Any CPU.ActiveCfg = Debug|Any CPU
		{64DB7103-8942-4BCF-A8A1-94C6DC26034A}.Debug|Any CPU.Build.0 = Debug|Any CPU
		{64DB7103-8942-4BCF-A8A1-94C6DC26034A}.Release|Any CPU.ActiveCfg = Release|Any CPU
		{64DB7103-8942-4BCF-A8A1-94C6DC26034A}.Release|Any CPU.Build.0 = Release|Any CPU
	EndGlobalSection
	GlobalSection(SolutionProperties) = preSolution
		HideSolutionNode = FALSE
	EndGlobalSection
EndGlobal
